{
  "name": "pro0",
  "version": "0.1.0",
  "lockfileVersion": 3,
  "requires": true,
  "packages": {
    "": {
      "name": "pro0",
      "version": "0.1.0",
      "license": "MIT",
      "dependencies": {
        "commander": "^12.1.0"
      },
      "bin": {
        "pro0": "dist/cli.js"
      },
      "devDependencies": {
        "@opencode-ai/plugin": "^1.1.36",
        "@types/node": "^22.10.2",
        "typescript": "^5.7.2"
      },
      "engines": {
        "node": ">=18.0.0"
      }
    },
    "node_modules/@opencode-ai/plugin": {
      "version": "1.1.48",
      "resolved": "https://registry.npmjs.org/@opencode-ai/plugin/-/plugin-1.1.48.tgz",
      "integrity": "sha512-KkaSMevXmz7tOwYDMJeWiXE5N8LmRP18qWI5Xhv3+c+FdGPL+l1hQrjSgyv3k7Co7qpCyW3kAUESBB7BzIOl2w==",
      "dev": true,
      "license": "MIT",
      "dependencies": {
        "@opencode-ai/sdk": "1.1.48",
        "zod": "4.1.8"
      }
    },
    "node_modules/@opencode-ai/sdk": {
      "version": "1.1.48",
      "resolved": "https://registry.npmjs.org/@opencode-ai/sdk/-/sdk-1.1.48.tgz",
      "integrity": "sha512-j5/79X45fUPWVD2Ffm/qvwLclDCdPeV+TYMDrm9to0p4pmzhmeKevCsyiRdLg0o0HE3AFRUnOo2rdO9NetN79A==",
      "dev": true,
      "license": "MIT"
    },
    "node_modules/@types/node": {
      "version": "22.19.7",
      "dev": true,
      "license": "MIT",
      "dependencies": {
        "undici-types": "~6.21.0"
      }
    },
    "node_modules/commander": {
      "version": "12.1.0",
      "license": "MIT",
      "engines": {
        "node": ">=18"
      }
    },
    "node_modules/typescript": {
      "version": "5.9.3",
      "dev": true,
      "license": "Apache-2.0",
      "bin": {
        "tsc": "bin/tsc",
        "tsserver": "bin/tsserver"
      },
      "engines": {
        "node": ">=14.17"
      }
    },
    "node_modules/undici-types": {
      "version": "6.21.0",
      "dev": true,
      "license": "MIT"
    },
    "node_modules/zod": {
      "version": "4.1.8",
      "resolved": "https://registry.npmjs.org/zod/-/zod-4.1.8.tgz",
      "integrity": "sha512-5R1P+WwQqmmMIEACyzSvo4JXHY5WiAFHRMg+zBZKgKS+Q1viRa0C1hmUKtHltoIFKtIdki3pRxkmpP74jnNYHQ==",
      "dev": true,
      "license": "MIT",
      "funding": {
        "url": "https://github.com/sponsors/colinhacks"
      }
    }
  }
}
